
Microsoft Visual Studio Solution File, Format Version 12.00
# Visual Studio Version 16
VisualStudioVersion = 16.0.31129.286
MinimumVisualStudioVersion = 10.0.40219.1
Project("{FAE04EC0-301F-11D3-BF4B-00C04F79EFBC}") = "Chess.Domain", "Chess.Domain\Chess.Domain.csproj", "{4294948C-50FC-42F0-8441-7AA101030CAF}"
EndProject
Project("{FAE04EC0-301F-11D3-BF4B-00C04F79EFBC}") = "Chess.Persistence", "Chess.Persistence\Chess.Persistence.csproj", "{A34ABF97-801E-4765-B48B-439E84C96384}"
EndProject
Project("{FAE04EC0-301F-11D3-BF4B-00C04F79EFBC}") = "Chess.Api", "Chess.Api\Chess.Api.csproj", "{7E8695A7-0850-42DF-85E9-00CCAC775F8B}"
EndProject
Global
	GlobalSection(SolutionConfigurationPlatforms) = preSolution
		Debug|Any CPU = Debug|Any CPU
		Release|Any CPU = Release|Any CPU
	EndGlobalSection
	GlobalSection(ProjectConfigurationPlatforms) = postSolution
		{4294948C-50FC-42F0-8441-7AA101030CAF}.Debug|Any CPU.ActiveCfg = Debug|Any CPU
		{4294948C-50FC-42F0-8441-7AA101030CAF}.Debug|Any CPU.Build.0 = Debug|Any CPU
		{4294948C-50FC-42F0-8441-7AA101030CAF}.Release|Any CPU.ActiveCfg = Release|Any CPU
		{4294948C-50FC-42F0-8441-7AA101030CAF}.Release|Any CPU.Build.0 = Release|Any CPU
		{A34ABF97-801E-4765-B48B-439E84C96384}.Debug|Any CPU.ActiveCfg = Debug|Any CPU
		{A34ABF97-801E-4765-B48B-439E84C96384}.Debug|Any CPU.Build.0 = Debug|Any CPU
		{A34ABF97-801E-4765-B48B-439E84C96384}.Release|Any CPU.ActiveCfg = Release|Any CPU
		{A34ABF97-801E-4765-B48B-439E84C96384}.Release|Any CPU.Build.0 = Release|Any CPU
		{7E8695A7-0850-42DF-85E9-00CCAC775F8B}.Debug|Any CPU.ActiveCfg = Debug|Any CPU
		{7E8695A7-0850-42DF-85E9-00CCAC775F8B}.Debug|Any CPU.Build.0 = Debug|Any CPU
		{7E8695A7-0850-42DF-85E9-00CCAC775F8B}.Release|Any CPU.ActiveCfg = Release|Any CPU
		{7E8695A7-0850-42DF-85E9-00CCAC775F8B}.Release|Any CPU.Build.0 = Release|Any CPU
	EndGlobalSection
	GlobalSection(SolutionProperties) = preSolution
		HideSolutionNode = FALSE
	EndGlobalSection
	GlobalSection(ExtensibilityGlobals) = postSolution
		SolutionGuid = {A225CFE9-A70F-4870-9A8B-47C952FC4075}
	EndGlobalSection
EndGlobal
